# This file is automatically @generated by Poetry 1.6.1 and should not be changed by hand.

[[package]]
name = "peewee"
version = "3.17.0"
description = "a little orm"
optional = false
python-versions = "*"
files = [
    {file = "peewee-3.17.0.tar.gz", hash = "sha256:3a56967f28a43ca7a4287f4803752aeeb1a57a08dee2e839b99868181dfb5df8"},
]

[metadata]
lock-version = "2.0"
python-versions = "^3.11"
content-hash = "2d247d90e351dd470a635d238f5af9173c052976da83e0eae16bdf28fd22fdb2"
